
Microsoft Visual Studio Solution File, Format Version 12.00
# Visual Studio 15
VisualStudioVersion = 15.0.28010.2036
MinimumVisualStudioVersion = 10.0.40219.1
Project("{FAE04EC0-301F-11D3-BF4B-00C04F79EFBC}") = "HomeComingMVCFall18", "HomeComingMVCFall18\HomeComingMVCFall18.csproj", "{5D79303D-CF62-491B-911C-2CF87879500A}"
EndProject
Global
	GlobalSection(SolutionConfigurationPlatforms) = preSolution
		Debug|Any CPU = Debug|Any CPU
		Release|Any CPU = Release|Any CPU
	EndGlobalSection
	GlobalSection(ProjectConfigurationPlatforms) = postSolution
		{5D79303D-CF62-491B-911C-2CF87879500A}.Debug|Any CPU.ActiveCfg = Debug|Any CPU
		{5D79303D-CF62-491B-911C-2CF87879500A}.Debug|Any CPU.Build.0 = Debug|Any CPU
		{5D79303D-CF62-491B-911C-2CF87879500A}.Release|Any CPU.ActiveCfg = Release|Any CPU
		{5D79303D-CF62-491B-911C-2CF87879500A}.Release|Any CPU.Build.0 = Release|Any CPU
	EndGlobalSection
	GlobalSection(SolutionProperties) = preSolution
		HideSolutionNode = FALSE
	EndGlobalSection
	GlobalSection(ExtensibilityGlobals) = postSolution
		SolutionGuid = {F290EBC7-873E-45DE-B3B8-A39B684A19E0}
	EndGlobalSection
EndGlobal
